{
  "name": "firebasedemo",
  "version": "1.0.0",
  "lockfileVersion": 1,
  "requires": true,
  "dependencies": {
    "bubbly-bg": {
      "version": "0.2.3",
      "resolved": "https://registry.npmjs.org/bubbly-bg/-/bubbly-bg-0.2.3.tgz",
      "integrity": "sha512-+AzmXoVvAsDR6B97Ok/YSDR+IJ5GvPu4TFQL0AL8AsDN+WdwhCSAKlAJ/e8bPpnx9i+FmXld9NIaYvK9lg7xrQ=="
    }
  }
}
